{
  "name": "useful-aliucordrn-plugins",
  "version": "1.0.0",
  "lockfileVersion": 2,
  "requires": true,
  "packages": {
    "": {
      "name": "useful-aliucordrn-plugins",
      "version": "1.0.0",
      "devDependencies": {
        "@aliucord/hermesc": "0.70.6-aliucord-2",
        "@aliucord/rollup-plugin": "^1.0.4",
        "@rollup/plugin-typescript": "^8.3.2",
        "@types/node": "^17.0.31",
        "@types/react": "^18.0.8",
        "@types/react-native": "^0.67.6",
        "aliucord": "^0.1.0",
        "discord-types": "^1.3.3",
        "hermes-engine": "0.11.0",
        "rollup": "^2.71.1",
        "tslib": "^2.4.0",
        "typescript": "^4.6.4"
      }
    },
    "node_modules/@aliucord/hermesc": {
      "version": "0.70.6-aliucord-2",
      "resolved": "https://registry.npmjs.org/@aliucord/hermesc/-/hermesc-0.70.6-aliucord-2.tgz",
      "integrity": "sha512-OWVsYWGGahe0raViGcKVzMH/tzO+XqU8Lc55Q9vJI5OBIGi2xPxPN39tVp7ZYiGhgeTXpohIDhfGEKqN4rhUTw==",
      "dev": true
    },
    "node_modules/@aliucord/rollup-plugin": {
      "version": "1.0.4",
      "resolved": "https://registry.npmjs.org/@aliucord/rollup-plugin/-/rollup-plugin-1.0.4.tgz",
      "integrity": "sha512-l5V+Eau37quWNxlnDgXJ1RPkTisH3xdsB4xjbzyBNvEPXZWYxKZcuW9cpKVoQjAo0eMj/k2GnUWukRd9+1ULRA==",
      "dev": true,
      "dependencies": {
        "@aliucord/rollup-plugin-swc": "^0.2.2",
        "@swc/core": "1.2.189",
        "rollup-plugin-hermes": "^1.0.3",
        "yazl": "^2.5.1"
      },
      "peerDependencies": {
        "@aliucord/hermesc": "latest"
      }
    },
    "node_modules/@aliucord/rollup-plugin-swc": {
      "version": "0.2.2",
      "resolved": "https://registry.npmjs.org/@aliucord/rollup-plugin-swc/-/rollup-plugin-swc-0.2.2.tgz",
      "integrity": "sha512-P1QuH3XwjYxj4lOpDbCHSPHETF9qi0XRBAkuI1tdqW/shf9Q+gOzi7QtbK4dNoaklH4d9chQCJMqcMya80eeDg==",
      "dev": true,
      "dependencies": {
        "@rollup/pluginutils": "^4.1.2"
      },
      "peerDependencies": {
        "@swc/core": ">=1.0",
        "rollup": ">=1.5.0"
      }
    },
    "node_modules/@rollup/plugin-typescript": {
      "version": "8.5.0",
      "resolved": "https://registry.npmjs.org/@rollup/plugin-typescript/-/plugin-typescript-8.5.0.tgz",
      "integrity": "sha512-wMv1/scv0m/rXx21wD2IsBbJFba8wGF3ErJIr6IKRfRj49S85Lszbxb4DCo8iILpluTjk2GAAu9CoZt4G3ppgQ==",
      "dev": true,
      "dependencies": {
        "@rollup/pluginutils": "^3.1.0",
        "resolve": "^1.17.0"
      },
      "engines": {
        "node": ">=8.0.0"
      },
      "peerDependencies": {
        "rollup": "^2.14.0",
        "tslib": "*",
        "typescript": ">=3.7.0"
      },
      "peerDependenciesMeta": {
        "tslib": {
          "optional": true
        }
      }
    },
    "node_modules/@rollup/plugin-typescript/node_modules/@rollup/pluginutils": {
      "version": "3.1.0",
      "resolved": "https://registry.npmjs.org/@rollup/pluginutils/-/pluginutils-3.1.0.tgz",
      "integrity": "sha512-GksZ6pr6TpIjHm8h9lSQ8pi8BE9VeubNT0OMJ3B5uZJ8pz73NPiqOtCog/x2/QzM1ENChPKxMDhiQuRHsqc+lg==",
      "dev": true,
      "dependencies": {
        "@types/estree": "0.0.39",
        "estree-walker": "^1.0.1",
        "picomatch": "^2.2.2"
      },
      "engines": {
        "node": ">= 8.0.0"
      },
      "peerDependencies": {
        "rollup": "^1.20.0||^2.0.0"
      }
    },
    "node_modules/@rollup/plugin-typescript/node_modules/estree-walker": {
      "version": "1.0.1",
      "resolved": "https://registry.npmjs.org/estree-walker/-/estree-walker-1.0.1.tgz",
      "integrity": "sha512-1fMXF3YP4pZZVozF8j/ZLfvnR8NSIljt56UhbZ5PeeDmmGHpgpdwQt7ITlGvYaQukCvuBRMLEiKiYC+oeIg4cg==",
      "dev": true
    },
    "node_modules/@rollup/pluginutils": {
      "version": "4.2.1",
      "resolved": "https://registry.npmjs.org/@rollup/pluginutils/-/pluginutils-4.2.1.tgz",
      "integrity": "sha512-iKnFXr7NkdZAIHiIWE+BX5ULi/ucVFYWD6TbAV+rZctiRTY2PL6tsIKhoIOaoskiWAkgu+VsbXgUVDNLHf+InQ==",
      "dev": true,
      "dependencies": {
        "estree-walker": "^2.0.1",
        "picomatch": "^2.2.2"
      },
      "engines": {
        "node": ">= 8.0.0"
      }
    },
    "node_modules/@swc/core": {
      "version": "1.2.189",
      "resolved": "https://registry.npmjs.org/@swc/core/-/core-1.2.189.tgz",
      "integrity": "sha512-S5cKX4ECMSfW78DLFgnlilJZgjrFRYwPslrrwpLl3gpwh+Qo72/Mhn71u7G/5xXW+T/xW5GwPccHfCk+k72uUg==",
      "dev": true,
      "bin": {
        "swcx": "run_swcx.js"
      },
      "engines": {
        "node": ">=10"
      },
      "funding": {
        "type": "opencollective",
        "url": "https://opencollective.com/swc"
      },
      "optionalDependencies": {
        "@swc/core-android-arm-eabi": "1.2.189",
        "@swc/core-android-arm64": "1.2.189",
        "@swc/core-darwin-arm64": "1.2.189",
        "@swc/core-darwin-x64": "1.2.189",
        "@swc/core-freebsd-x64": "1.2.189",
        "@swc/core-linux-arm-gnueabihf": "1.2.189",
        "@swc/core-linux-arm64-gnu": "1.2.189",
        "@swc/core-linux-arm64-musl": "1.2.189",
        "@swc/core-linux-x64-gnu": "1.2.189",
        "@swc/core-linux-x64-musl": "1.2.189",
        "@swc/core-win32-arm64-msvc": "1.2.189",
        "@swc/core-win32-ia32-msvc": "1.2.189",
        "@swc/core-win32-x64-msvc": "1.2.189"
      }
    },
    "node_modules/@swc/core-android-arm-eabi": {
      "version": "1.2.189",
      "resolved": "https://registry.npmjs.org/@swc/core-android-arm-eabi/-/core-android-arm-eabi-1.2.189.tgz",
      "integrity": "sha512-0kN3Le6QzFFz+Lc6a/tf/RkJXubWwWaHxF4c0bVm4AKIFf4nRlUCEqEkjdVaZvL92rpBMHaEEBuIIz3T8DqTTQ==",
      "cpu": [
        "arm"
      ],
      "dev": true,
      "optional": true,
      "os": [
        "android"
      ],
      "engines": {
        "node": ">=10"
      }
    },
    "node_modules/@swc/core-android-arm64": {
      "version": "1.2.189",
      "resolved": "https://registry.npmjs.org/@swc/core-android-arm64/-/core-android-arm64-1.2.189.tgz",
      "integrity": "sha512-smsb+YkDw2OKwg66Z63E/G4NlFApDbsiOPmZXFZbtZbNBD9v+wnk6WVA//XR1bdUI9VbzNKlMPKJxQTE685QDw==",
      "cpu": [
        "arm64"
      ],
      "dev": true,
      "optional": true,
      "os": [
        "android"
      ],
      "engines": {
        "node": ">=10"
      }
    },
    "node_modules/@swc/core-darwin-arm64": {
      "version": "1.2.189",
      "resolved": "https://registry.npmjs.org/@swc/core-darwin-arm64/-/core-darwin-arm64-1.2.189.tgz",
      "integrity": "sha512-OGjZRkTulKirJMLYbW9etb59lA9ueDXVwYRVD9SrNh8tRMTf0Nq+SUT/C3LVhBBGC4KSdWOzBAYbDTTdsnY++Q==",
      "cpu": [
        "arm64"
      ],
      "dev": true,
      "optional": true,
      "os": [
        "darwin"
      ],
      "engines": {
        "node": ">=10"
      }
    },
    "node_modules/@swc/core-darwin-x64": {
      "version": "1.2.189",
      "resolved": "https://registry.npmjs.org/@swc/core-darwin-x64/-/core-darwin-x64-1.2.189.tgz",
      "integrity": "sha512-BEcxnBHx51514Voe2dn/y1y5H9VNyw7Zpp9+mPekZqx5o/onPD5wZ1ZfAsPrA4UlvM3v16u6ITE/cLawJ/GdAQ==",
      "cpu": [
        "x64"
      ],
      "dev": true,
      "optional": true,
      "os": [
        "darwin"
      ],
      "engines": {
        "node": ">=10"
      }
    },
    "node_modules/@swc/core-freebsd-x64": {
      "version": "1.2.189",
      "resolved": "https://registry.npmjs.org/@swc/core-freebsd-x64/-/core-freebsd-x64-1.2.189.tgz",
      "integrity": "sha512-B6g2NWeh2iw6WPOaM19Uj3VE4se6alT265kWibLUshjcofRfnYT1lNhhkrF1D0EVnpC8I96I/xXNQo4Am9z4zQ==",
      "cpu": [
        "x64"
      ],
      "dev": true,
      "optional": true,
      "os": [
        "freebsd"
      ],
      "engines": {
        "node": ">=10"
      }
    },
    "node_modules/@swc/core-linux-arm-gnueabihf": {
      "version": "1.2.189",
      "resolved": "https://registry.npmjs.org/@swc/core-linux-arm-gnueabihf/-/core-linux-arm-gnueabihf-1.2.189.tgz",
      "integrity": "sha512-6WhPG9pyN5AahQTVQk8MoN1I9Z/Ytfqizuie1wV7mW8FMNmMkiJvBekKtE6ftxu80Hqa34r86WfEwmJKm5MqYw==",
      "cpu": [
        "arm"
      ],
      "dev": true,
      "optional": true,
      "os": [
        "linux"
      ],
      "engines": {
        "node": ">=10"
      }
    },
    "node_modules/@swc/core-linux-arm64-gnu": {
      "version": "1.2.189",
      "resolved": "https://registry.npmjs.org/@swc/core-linux-arm64-gnu/-/core-linux-arm64-gnu-1.2.189.tgz",
      "integrity": "sha512-frJTGnxsDe7h2d7BtnBivOdOJTtabkQIIZmHd4JHqafcoekI6teyveIax17axLyimvWl278yTo3hf7ePagD/eg==",
      "cpu": [
        "arm64"
      ],
      "dev": true,
      "optional": true,
      "os": [
        "linux"
      ],
      "engines": {
        "node": ">=10"
      }
    },
    "node_modules/@swc/core-linux-arm64-musl": {
      "version": "1.2.189",
      "resolved": "https://registry.npmjs.org/@swc/core-linux-arm64-musl/-/core-linux-arm64-musl-1.2.189.tgz",
      "integrity": "sha512-27K38LoZpME5lojDJIUNo7zdTDwAKLm0BMQ7HXWcYOyiDAekhSidI+SrBWxCfLzfuClhFu6/VE3E7j32VFJsiA==",
      "cpu": [
        "arm64"
      ],
      "dev": true,
      "optional": true,
      "os": [
        "linux"
      ],
      "engines": {
        "node": ">=10"
      }
    },
    "node_modules/@swc/core-linux-x64-gnu": {
      "version": "1.2.189",
      "resolved": "https://registry.npmjs.org/@swc/core-linux-x64-gnu/-/core-linux-x64-gnu-1.2.189.tgz",
      "integrity": "sha512-Ha5oJKOyQm9w7+e+WdRm4ypijzEmglWZGtgBR6vV6ViqqHcTBAU4nG87ex7y7AS9p+Cbc6EOSR9X1qIB8KxtbA==",
      "cpu": [
        "x64"
      ],
      "dev": true,
      "optional": true,
      "os": [
        "linux"
      ],
      "engines": {
        "node": ">=10"
      }
    },
    "node_modules/@swc/core-linux-x64-musl": {
      "version": "1.2.189",
      "resolved": "https://registry.npmjs.org/@swc/core-linux-x64-musl/-/core-linux-x64-musl-1.2.189.tgz",
      "integrity": "sha512-/p5yXa9HEzpVEuE4ivkW1IvwyYu6fT+L2OvVEs5oXIba80F0Wjy7InWqaa83gwrdMH+bXV6loG8LzZUZu/lpjA==",
      "cpu": [
        "x64"
      ],
      "dev": true,
      "optional": true,
      "os": [
        "linux"
      ],
      "engines": {
        "node": ">=10"
      }
    },
    "node_modules/@swc/core-win32-arm64-msvc": {
      "version": "1.2.189",
      "resolved": "https://registry.npmjs.org/@swc/core-win32-arm64-msvc/-/core-win32-arm64-msvc-1.2.189.tgz",
      "integrity": "sha512-o/1ueM6/sifNjYnO6NMEXB895spVfJs5oQIPxQG9vJ/4zWLw8YmAx+u1xJY+XGyK6gnroHt7yPiS87qWdbeF6w==",
      "cpu": [
        "arm64"
      ],
      "dev": true,
      "optional": true,
      "os": [
        "win32"
      ],
      "engines": {
        "node": ">=10"
      }
    },
    "node_modules/@swc/core-win32-ia32-msvc": {
      "version": "1.2.189",
      "resolved": "https://registry.npmjs.org/@swc/core-win32-ia32-msvc/-/core-win32-ia32-msvc-1.2.189.tgz",
      "integrity": "sha512-YDwRkzykaf+dw5Z7u189cC/Tttkn2NVV84hrGL3LbVuh7wT5PaDhZs4Yz4unZQSlPV12olmZWgNr/i27h5wlpg==",
      "cpu": [
        "ia32"
      ],
      "dev": true,
      "optional": true,
      "os": [
        "win32"
      ],
      "engines": {
        "node": ">=10"
      }
    },
    "node_modules/@swc/core-win32-x64-msvc": {
      "version": "1.2.189",
      "resolved": "https://registry.npmjs.org/@swc/core-win32-x64-msvc/-/core-win32-x64-msvc-1.2.189.tgz",
      "integrity": "sha512-Nge8Z/ZkAp5p5No50yBDpBG7+ZYaVWGSuwtPj6OJe7orzvDCEm9GgcVE6J9GEjbclSWlCH8B8lUe17GaKRZHbg==",
      "cpu": [
        "x64"
      ],
      "dev": true,
      "optional": true,
      "os": [
        "win32"
      ],
      "engines": {
        "node": ">=10"
      }
    },
    "node_modules/@types/estree": {
      "version": "0.0.39",
      "resolved": "https://registry.npmjs.org/@types/estree/-/estree-0.0.39.tgz",
      "integrity": "sha512-EYNwp3bU+98cpU4lAWYYL7Zz+2gryWH1qbdDTidVd6hkiR6weksdbMadyXKXNPEkQFhXM+hVO9ZygomHXp+AIw==",
      "dev": true
    },
    "node_modules/@types/node": {
      "version": "17.0.45",
      "resolved": "https://registry.npmjs.org/@types/node/-/node-17.0.45.tgz",
      "integrity": "sha512-w+tIMs3rq2afQdsPJlODhoUEKzFP1ayaoyl1CcnwtIlsVe7K7bA1NGm4s3PraqTLlXnbIN84zuBlxBWo1u9BLw==",
      "dev": true
    },
    "node_modules/@types/prop-types": {
      "version": "15.7.5",
      "resolved": "https://registry.npmjs.org/@types/prop-types/-/prop-types-15.7.5.tgz",
      "integrity": "sha512-JCB8C6SnDoQf0cNycqd/35A7MjcnK+ZTqE7judS6o7utxUCg6imJg3QK2qzHKszlTjcj2cn+NwMB2i96ubpj7w==",
      "dev": true
    },
    "node_modules/@types/react": {
      "version": "18.0.28",
      "resolved": "https://registry.npmjs.org/@types/react/-/react-18.0.28.tgz",
      "integrity": "sha512-RD0ivG1kEztNBdoAK7lekI9M+azSnitIn85h4iOiaLjaTrMjzslhaqCGaI4IyCJ1RljWiLCEu4jyrLLgqxBTew==",
      "dev": true,
      "dependencies": {
        "@types/prop-types": "*",
        "@types/scheduler": "*",
        "csstype": "^3.0.2"
      }
    },
    "node_modules/@types/react-native": {
      "version": "0.67.19",
      "resolved": "https://registry.npmjs.org/@types/react-native/-/react-native-0.67.19.tgz",
      "integrity": "sha512-tk3D4HtJ4KBmnoOMiPWY5og0m34cwavCPSlV75hMqut2WgcDF9SXvkqZU0RP6qddHwvEstYIJSvSfLMPOak5vQ==",
      "dev": true,
      "dependencies": {
        "@types/react": "^17"
      }
    },
    "node_modules/@types/react-native/node_modules/@types/react": {
      "version": "17.0.53",
      "resolved": "https://registry.npmjs.org/@types/react/-/react-17.0.53.tgz",
      "integrity": "sha512-1yIpQR2zdYu1Z/dc1OxC+MA6GR240u3gcnP4l6mvj/PJiVaqHsQPmWttsvHsfnhfPbU2FuGmo0wSITPygjBmsw==",
      "dev": true,
      "dependencies": {
        "@types/prop-types": "*",
        "@types/scheduler": "*",
        "csstype": "^3.0.2"
      }
    },
    "node_modules/@types/scheduler": {
      "version": "0.16.2",
      "resolved": "https://registry.npmjs.org/@types/scheduler/-/scheduler-0.16.2.tgz",
      "integrity": "sha512-hppQEBDmlwhFAXKJX2KnWLYu5yMfi91yazPb2l+lbJiwW+wdo1gNeRA+3RgNSO39WYX2euey41KEwnqesU2Jew==",
      "dev": true
    },
    "node_modules/aliucord": {
      "version": "0.1.0",
      "resolved": "https://registry.npmjs.org/aliucord/-/aliucord-0.1.0.tgz",
      "integrity": "sha512-HKeMjiKoKyLyJZJjYm2z2BliSdowGg7ngstcp62mIe86qyj4wfqSd0pr3vh3ouKn+Vj6AXSXFrOUE/AT5IbUXw==",
      "dev": true,
      "dependencies": {
        "react-devtools-core": "^4.24.4"
      }
    },
    "node_modules/buffer-crc32": {
      "version": "0.2.13",
      "resolved": "https://registry.npmjs.org/buffer-crc32/-/buffer-crc32-0.2.13.tgz",
      "integrity": "sha512-VO9Ht/+p3SN7SKWqcrgEzjGbRSJYTx+Q1pTQC0wrWqHx0vpJraQ6GtHx8tvcg1rlK1byhU5gccxgOgj7B0TDkQ==",
      "dev": true,
      "engines": {
        "node": "*"
      }
    },
    "node_modules/csstype": {
      "version": "3.1.1",
      "resolved": "https://registry.npmjs.org/csstype/-/csstype-3.1.1.tgz",
      "integrity": "sha512-DJR/VvkAvSZW9bTouZue2sSxDwdTN92uHjqeKVm+0dAqdfNykRzQ95tay8aXMBAAPpUiq4Qcug2L7neoRh2Egw==",
      "dev": true
    },
    "node_modules/discord-types": {
      "version": "1.3.3",
      "resolved": "https://registry.npmjs.org/discord-types/-/discord-types-1.3.3.tgz",
      "integrity": "sha512-6LGLIw8RBWKdio7FoIfwExSZQuej2XXDKgT7mfR3qMOpEspknVDFQJcfhPuiD1iy2NdcAygvvVfJMliYwiUwqw==",
      "dev": true,
      "dependencies": {
        "@types/react": "17.0.2",
        "moment": "^2.29.1"
      }
    },
    "node_modules/discord-types/node_modules/@types/react": {
      "version": "17.0.2",
      "resolved": "https://registry.npmjs.org/@types/react/-/react-17.0.2.tgz",
      "integrity": "sha512-Xt40xQsrkdvjn1EyWe1Bc0dJLcil/9x2vAuW7ya+PuQip4UYUaXyhzWmAbwRsdMgwOFHpfp7/FFZebDU6Y8VHA==",
      "dev": true,
      "dependencies": {
        "@types/prop-types": "*",
        "csstype": "^3.0.2"
      }
    },
    "node_modules/estree-walker": {
      "version": "2.0.2",
      "resolved": "https://registry.npmjs.org/estree-walker/-/estree-walker-2.0.2.tgz",
      "integrity": "sha512-Rfkk/Mp/DL7JVje3u18FxFujQlTNR2q6QfMSMB7AvCBx91NGj/ba3kCfza0f6dVDbw7YlRf/nDrn7pQrCCyQ/w==",
      "dev": true
    },
    "node_modules/fsevents": {
      "version": "2.3.2",
      "resolved": "https://registry.npmjs.org/fsevents/-/fsevents-2.3.2.tgz",
      "integrity": "sha512-xiqMQR4xAeHTuB9uWm+fFRcIOgKBMiOBP+eXiyT7jsgVCq1bkVygt00oASowB7EdtpOHaaPgKt812P9ab+DDKA==",
      "dev": true,
      "hasInstallScript": true,
      "optional": true,
      "os": [
        "darwin"
      ],
      "engines": {
        "node": "^8.16.0 || ^10.6.0 || >=11.0.0"
      }
    },
    "node_modules/function-bind": {
      "version": "1.1.1",
      "resolved": "https://registry.npmjs.org/function-bind/-/function-bind-1.1.1.tgz",
      "integrity": "sha512-yIovAzMX49sF8Yl58fSCWJ5svSLuaibPxXQJFLmBObTuCr0Mf1KiPopGM9NiFjiYBCbfaa2Fh6breQ6ANVTI0A==",
      "dev": true
    },
    "node_modules/has": {
      "version": "1.0.3",
      "resolved": "https://registry.npmjs.org/has/-/has-1.0.3.tgz",
      "integrity": "sha512-f2dvO0VU6Oej7RkWJGrehjbzMAjFp5/VKPp5tTpWIV4JHHZK1/BxbFRtf/siA2SWTe09caDmVtYYzWEIbBS4zw==",
      "dev": true,
      "dependencies": {
        "function-bind": "^1.1.1"
      },
      "engines": {
        "node": ">= 0.4.0"
      }
    },
    "node_modules/hermes-engine": {
      "version": "0.11.0",
      "resolved": "https://registry.npmjs.org/hermes-engine/-/hermes-engine-0.11.0.tgz",
      "integrity": "sha512-7aMUlZja2IyLYAcZ69NBnwJAR5ZOYlSllj0oMpx08a8HzxHOys0eKCzfphrf6D0vX1JGO1QQvVsQKe6TkYherw==",
      "dev": true
    },
    "node_modules/is-core-module": {
      "version": "2.11.0",
      "resolved": "https://registry.npmjs.org/is-core-module/-/is-core-module-2.11.0.tgz",
      "integrity": "sha512-RRjxlvLDkD1YJwDbroBHMb+cukurkDWNyHx7D3oNB5x9rb5ogcksMC5wHCadcXoo67gVr/+3GFySh3134zi6rw==",
      "dev": true,
      "dependencies": {
        "has": "^1.0.3"
      },
      "funding": {
        "url": "https://github.com/sponsors/ljharb"
      }
    },
    "node_modules/moment": {
      "version": "2.29.4",
      "resolved": "https://registry.npmjs.org/moment/-/moment-2.29.4.tgz",
      "integrity": "sha512-5LC9SOxjSc2HF6vO2CyuTDNivEdoz2IvyJJGj6X8DJ0eFyfszE0QiEd+iXmBvUP3WHxSjFH/vIsA0EN00cgr8w==",
      "dev": true,
      "engines": {
        "node": "*"
      }
    },
    "node_modules/path-parse": {
      "version": "1.0.7",
      "resolved": "https://registry.npmjs.org/path-parse/-/path-parse-1.0.7.tgz",
      "integrity": "sha512-LDJzPVEEEPR+y48z93A0Ed0yXb8pAByGWo/k5YYdYgpY2/2EsOsksJrq7lOHxryrVOn1ejG6oAp8ahvOIQD8sw==",
      "dev": true
    },
    "node_modules/picomatch": {
      "version": "2.3.1",
      "resolved": "https://registry.npmjs.org/picomatch/-/picomatch-2.3.1.tgz",
      "integrity": "sha512-JU3teHTNjmE2VCGFzuY8EXzCDVwEqB2a8fsIvwaStHhAWJEeVd1o1QD80CU6+ZdEXXSLbSsuLwJjkCBWqRQUVA==",
      "dev": true,
      "engines": {
        "node": ">=8.6"
      },
      "funding": {
        "url": "https://github.com/sponsors/jonschlinkert"
      }
    },
    "node_modules/react-devtools-core": {
      "version": "4.27.2",
      "resolved": "https://registry.npmjs.org/react-devtools-core/-/react-devtools-core-4.27.2.tgz",
      "integrity": "sha512-8SzmIkpO87alD7Xr6gWIEa1jHkMjawOZ+6egjazlnjB4UUcbnzGDf/vBJ4BzGuWWEM+pzrxuzsPpcMqlQkYK2g==",
      "dev": true,
      "dependencies": {
        "shell-quote": "^1.6.1",
        "ws": "^7"
      }
    },
    "node_modules/resolve": {
      "version": "1.22.1",
      "resolved": "https://registry.npmjs.org/resolve/-/resolve-1.22.1.tgz",
      "integrity": "sha512-nBpuuYuY5jFsli/JIs1oldw6fOQCBioohqWZg/2hiaOybXOft4lonv85uDOKXdf8rhyK159cxU5cDcK/NKk8zw==",
      "dev": true,
      "dependencies": {
        "is-core-module": "^2.9.0",
        "path-parse": "^1.0.7",
        "supports-preserve-symlinks-flag": "^1.0.0"
      },
      "bin": {
        "resolve": "bin/resolve"
      },
      "funding": {
        "url": "https://github.com/sponsors/ljharb"
      }
    },
    "node_modules/rollup": {
      "version": "2.79.1",
      "resolved": "https://registry.npmjs.org/rollup/-/rollup-2.79.1.tgz",
      "integrity": "sha512-uKxbd0IhMZOhjAiD5oAFp7BqvkA4Dv47qpOCtaNvng4HBwdbWtdOh8f5nZNuk2rp51PMGk3bzfWu5oayNEuYnw==",
      "dev": true,
      "bin": {
        "rollup": "dist/bin/rollup"
      },
      "engines": {
        "node": ">=10.0.0"
      },
      "optionalDependencies": {
        "fsevents": "~2.3.2"
      }
    },
    "node_modules/rollup-plugin-hermes": {
      "version": "1.0.4",
      "resolved": "https://registry.npmjs.org/rollup-plugin-hermes/-/rollup-plugin-hermes-1.0.4.tgz",
      "integrity": "sha512-9aPcPL1lRKi63n8oJoBGT89xpJ6wPQISYOuxqJjigbcuCyef//3RnWQq9tRATCrwu6MazqLywcCgkohCCWvtBw==",
      "dev": true,
      "peerDependencies": {
        "@aliucord/hermesc": "*"
      }
    },
    "node_modules/shell-quote": {
      "version": "1.8.0",
      "resolved": "https://registry.npmjs.org/shell-quote/-/shell-quote-1.8.0.tgz",
      "integrity": "sha512-QHsz8GgQIGKlRi24yFc6a6lN69Idnx634w49ay6+jA5yFh7a1UY+4Rp6HPx/L/1zcEDPEij8cIsiqR6bQsE5VQ==",
      "dev": true,
      "funding": {
        "url": "https://github.com/sponsors/ljharb"
      }
    },
    "node_modules/supports-preserve-symlinks-flag": {
      "version": "1.0.0",
      "resolved": "https://registry.npmjs.org/supports-preserve-symlinks-flag/-/supports-preserve-symlinks-flag-1.0.0.tgz",
      "integrity": "sha512-ot0WnXS9fgdkgIcePe6RHNk1WA8+muPa6cSjeR3V8K27q9BB1rTE3R1p7Hv0z1ZyAc8s6Vvv8DIyWf681MAt0w==",
      "dev": true,
      "engines": {
        "node": ">= 0.4"
      },
      "funding": {
        "url": "https://github.com/sponsors/ljharb"
      }
    },
    "node_modules/tslib": {
      "version": "2.5.0",
      "resolved": "https://registry.npmjs.org/tslib/-/tslib-2.5.0.tgz",
      "integrity": "sha512-336iVw3rtn2BUK7ORdIAHTyxHGRIHVReokCR3XjbckJMK7ms8FysBfhLR8IXnAgy7T0PTPNBWKiH514FOW/WSg==",
      "dev": true
    },
    "node_modules/typescript": {
      "version": "4.9.5",
      "resolved": "https://registry.npmjs.org/typescript/-/typescript-4.9.5.tgz",
      "integrity": "sha512-1FXk9E2Hm+QzZQ7z+McJiHL4NW1F2EzMu9Nq9i3zAaGqibafqYwCVU6WyWAuyQRRzOlxou8xZSyXLEN8oKj24g==",
      "dev": true,
      "bin": {
        "tsc": "bin/tsc",
        "tsserver": "bin/tsserver"
      },
      "engines": {
        "node": ">=4.2.0"
      }
    },
    "node_modules/ws": {
      "version": "7.5.9",
      "resolved": "https://registry.npmjs.org/ws/-/ws-7.5.9.tgz",
      "integrity": "sha512-F+P9Jil7UiSKSkppIiD94dN07AwvFixvLIj1Og1Rl9GGMuNipJnV9JzjD6XuqmAeiswGvUmNLjr5cFuXwNS77Q==",
      "dev": true,
      "engines": {
        "node": ">=8.3.0"
      },
      "peerDependencies": {
        "bufferutil": "^4.0.1",
        "utf-8-validate": "^5.0.2"
      },
      "peerDependenciesMeta": {
        "bufferutil": {
          "optional": true
        },
        "utf-8-validate": {
          "optional": true
        }
      }
    },
    "node_modules/yazl": {
      "version": "2.5.1",
      "resolved": "https://registry.npmjs.org/yazl/-/yazl-2.5.1.tgz",
      "integrity": "sha512-phENi2PLiHnHb6QBVot+dJnaAZ0xosj7p3fWl+znIjBDlnMI2PsZCJZ306BPTFOaHf5qdDEI8x5qFrSOBN5vrw==",
      "dev": true,
      "dependencies": {
        "buffer-crc32": "~0.2.3"
      }
    }
  },
  "dependencies": {
    "@aliucord/hermesc": {
      "version": "0.70.6-aliucord-2",
      "resolved": "https://registry.npmjs.org/@aliucord/hermesc/-/hermesc-0.70.6-aliucord-2.tgz",
      "integrity": "sha512-OWVsYWGGahe0raViGcKVzMH/tzO+XqU8Lc55Q9vJI5OBIGi2xPxPN39tVp7ZYiGhgeTXpohIDhfGEKqN4rhUTw==",
      "dev": true
    },
    "@aliucord/rollup-plugin": {
      "version": "1.0.4",
      "resolved": "https://registry.npmjs.org/@aliucord/rollup-plugin/-/rollup-plugin-1.0.4.tgz",
      "integrity": "sha512-l5V+Eau37quWNxlnDgXJ1RPkTisH3xdsB4xjbzyBNvEPXZWYxKZcuW9cpKVoQjAo0eMj/k2GnUWukRd9+1ULRA==",
      "dev": true,
      "requires": {
        "@aliucord/rollup-plugin-swc": "^0.2.2",
        "@swc/core": "1.2.189",
        "rollup-plugin-hermes": "^1.0.3",
        "yazl": "^2.5.1"
      }
    },
    "@aliucord/rollup-plugin-swc": {
      "version": "0.2.2",
      "resolved": "https://registry.npmjs.org/@aliucord/rollup-plugin-swc/-/rollup-plugin-swc-0.2.2.tgz",
      "integrity": "sha512-P1QuH3XwjYxj4lOpDbCHSPHETF9qi0XRBAkuI1tdqW/shf9Q+gOzi7QtbK4dNoaklH4d9chQCJMqcMya80eeDg==",
      "dev": true,
      "requires": {
        "@rollup/pluginutils": "^4.1.2"
      }
    },
    "@rollup/plugin-typescript": {
      "version": "8.5.0",
      "resolved": "https://registry.npmjs.org/@rollup/plugin-typescript/-/plugin-typescript-8.5.0.tgz",
      "integrity": "sha512-wMv1/scv0m/rXx21wD2IsBbJFba8wGF3ErJIr6IKRfRj49S85Lszbxb4DCo8iILpluTjk2GAAu9CoZt4G3ppgQ==",
      "dev": true,
      "requires": {
        "@rollup/pluginutils": "^3.1.0",
        "resolve": "^1.17.0"
      },
      "dependencies": {
        "@rollup/pluginutils": {
          "version": "3.1.0",
          "resolved": "https://registry.npmjs.org/@rollup/pluginutils/-/pluginutils-3.1.0.tgz",
          "integrity": "sha512-GksZ6pr6TpIjHm8h9lSQ8pi8BE9VeubNT0OMJ3B5uZJ8pz73NPiqOtCog/x2/QzM1ENChPKxMDhiQuRHsqc+lg==",
          "dev": true,
          "requires": {
            "@types/estree": "0.0.39",
            "estree-walker": "^1.0.1",
            "picomatch": "^2.2.2"
          }
        },
        "estree-walker": {
          "version": "1.0.1",
          "resolved": "https://registry.npmjs.org/estree-walker/-/estree-walker-1.0.1.tgz",
          "integrity": "sha512-1fMXF3YP4pZZVozF8j/ZLfvnR8NSIljt56UhbZ5PeeDmmGHpgpdwQt7ITlGvYaQukCvuBRMLEiKiYC+oeIg4cg==",
          "dev": true
        }
      }
    },
    "@rollup/pluginutils": {
      "version": "4.2.1",
      "resolved": "https://registry.npmjs.org/@rollup/pluginutils/-/pluginutils-4.2.1.tgz",
      "integrity": "sha512-iKnFXr7NkdZAIHiIWE+BX5ULi/ucVFYWD6TbAV+rZctiRTY2PL6tsIKhoIOaoskiWAkgu+VsbXgUVDNLHf+InQ==",
      "dev": true,
      "requires": {
        "estree-walker": "^2.0.1",
        "picomatch": "^2.2.2"
      }
    },
    "@swc/core": {
      "version": "1.2.189",
      "resolved": "https://registry.npmjs.org/@swc/core/-/core-1.2.189.tgz",
      "integrity": "sha512-S5cKX4ECMSfW78DLFgnlilJZgjrFRYwPslrrwpLl3gpwh+Qo72/Mhn71u7G/5xXW+T/xW5GwPccHfCk+k72uUg==",
      "dev": true,
      "requires": {
        "@swc/core-android-arm-eabi": "1.2.189",
        "@swc/core-android-arm64": "1.2.189",
        "@swc/core-darwin-arm64": "1.2.189",
        "@swc/core-darwin-x64": "1.2.189",
        "@swc/core-freebsd-x64": "1.2.189",
        "@swc/core-linux-arm-gnueabihf": "1.2.189",
        "@swc/core-linux-arm64-gnu": "1.2.189",
        "@swc/core-linux-arm64-musl": "1.2.189",
        "@swc/core-linux-x64-gnu": "1.2.189",
        "@swc/core-linux-x64-musl": "1.2.189",
        "@swc/core-win32-arm64-msvc": "1.2.189",
        "@swc/core-win32-ia32-msvc": "1.2.189",
        "@swc/core-win32-x64-msvc": "1.2.189"
      }
    },
    "@swc/core-android-arm-eabi": {
      "version": "1.2.189",
      "resolved": "https://registry.npmjs.org/@swc/core-android-arm-eabi/-/core-android-arm-eabi-1.2.189.tgz",
      "integrity": "sha512-0kN3Le6QzFFz+Lc6a/tf/RkJXubWwWaHxF4c0bVm4AKIFf4nRlUCEqEkjdVaZvL92rpBMHaEEBuIIz3T8DqTTQ==",
      "dev": true,
      "optional": true
    },
    "@swc/core-android-arm64": {
      "version": "1.2.189",
      "resolved": "https://registry.npmjs.org/@swc/core-android-arm64/-/core-android-arm64-1.2.189.tgz",
      "integrity": "sha512-smsb+YkDw2OKwg66Z63E/G4NlFApDbsiOPmZXFZbtZbNBD9v+wnk6WVA//XR1bdUI9VbzNKlMPKJxQTE685QDw==",
      "dev": true,
      "optional": true
    },
    "@swc/core-darwin-arm64": {
      "version": "1.2.189",
      "resolved": "https://registry.npmjs.org/@swc/core-darwin-arm64/-/core-darwin-arm64-1.2.189.tgz",
      "integrity": "sha512-OGjZRkTulKirJMLYbW9etb59lA9ueDXVwYRVD9SrNh8tRMTf0Nq+SUT/C3LVhBBGC4KSdWOzBAYbDTTdsnY++Q==",
      "dev": true,
      "optional": true
    },
    "@swc/core-darwin-x64": {
      "version": "1.2.189",
      "resolved": "https://registry.npmjs.org/@swc/core-darwin-x64/-/core-darwin-x64-1.2.189.tgz",
      "integrity": "sha512-BEcxnBHx51514Voe2dn/y1y5H9VNyw7Zpp9+mPekZqx5o/onPD5wZ1ZfAsPrA4UlvM3v16u6ITE/cLawJ/GdAQ==",
      "dev": true,
      "optional": true
    },
    "@swc/core-freebsd-x64": {
      "version": "1.2.189",
      "resolved": "https://registry.npmjs.org/@swc/core-freebsd-x64/-/core-freebsd-x64-1.2.189.tgz",
      "integrity": "sha512-B6g2NWeh2iw6WPOaM19Uj3VE4se6alT265kWibLUshjcofRfnYT1lNhhkrF1D0EVnpC8I96I/xXNQo4Am9z4zQ==",
      "dev": true,
      "optional": true
    },
    "@swc/core-linux-arm-gnueabihf": {
      "version": "1.2.189",
      "resolved": "https://registry.npmjs.org/@swc/core-linux-arm-gnueabihf/-/core-linux-arm-gnueabihf-1.2.189.tgz",
      "integrity": "sha512-6WhPG9pyN5AahQTVQk8MoN1I9Z/Ytfqizuie1wV7mW8FMNmMkiJvBekKtE6ftxu80Hqa34r86WfEwmJKm5MqYw==",
      "dev": true,
      "optional": true
    },
    "@swc/core-linux-arm64-gnu": {
      "version": "1.2.189",
      "resolved": "https://registry.npmjs.org/@swc/core-linux-arm64-gnu/-/core-linux-arm64-gnu-1.2.189.tgz",
      "integrity": "sha512-frJTGnxsDe7h2d7BtnBivOdOJTtabkQIIZmHd4JHqafcoekI6teyveIax17axLyimvWl278yTo3hf7ePagD/eg==",
      "dev": true,
      "optional": true
    },
    "@swc/core-linux-arm64-musl": {
      "version": "1.2.189",
      "resolved": "https://registry.npmjs.org/@swc/core-linux-arm64-musl/-/core-linux-arm64-musl-1.2.189.tgz",
      "integrity": "sha512-27K38LoZpME5lojDJIUNo7zdTDwAKLm0BMQ7HXWcYOyiDAekhSidI+SrBWxCfLzfuClhFu6/VE3E7j32VFJsiA==",
      "dev": true,
      "optional": true
    },
    "@swc/core-linux-x64-gnu": {
      "version": "1.2.189",
      "resolved": "https://registry.npmjs.org/@swc/core-linux-x64-gnu/-/core-linux-x64-gnu-1.2.189.tgz",
      "integrity": "sha512-Ha5oJKOyQm9w7+e+WdRm4ypijzEmglWZGtgBR6vV6ViqqHcTBAU4nG87ex7y7AS9p+Cbc6EOSR9X1qIB8KxtbA==",
      "dev": true,
      "optional": true
    },
    "@swc/core-linux-x64-musl": {
      "version": "1.2.189",
      "resolved": "https://registry.npmjs.org/@swc/core-linux-x64-musl/-/core-linux-x64-musl-1.2.189.tgz",
      "integrity": "sha512-/p5yXa9HEzpVEuE4ivkW1IvwyYu6fT+L2OvVEs5oXIba80F0Wjy7InWqaa83gwrdMH+bXV6loG8LzZUZu/lpjA==",
      "dev": true,
      "optional": true
    },
    "@swc/core-win32-arm64-msvc": {
      "version": "1.2.189",
      "resolved": "https://registry.npmjs.org/@swc/core-win32-arm64-msvc/-/core-win32-arm64-msvc-1.2.189.tgz",
      "integrity": "sha512-o/1ueM6/sifNjYnO6NMEXB895spVfJs5oQIPxQG9vJ/4zWLw8YmAx+u1xJY+XGyK6gnroHt7yPiS87qWdbeF6w==",
      "dev": true,
      "optional": true
    },
    "@swc/core-win32-ia32-msvc": {
      "version": "1.2.189",
      "resolved": "https://registry.npmjs.org/@swc/core-win32-ia32-msvc/-/core-win32-ia32-msvc-1.2.189.tgz",
      "integrity": "sha512-YDwRkzykaf+dw5Z7u189cC/Tttkn2NVV84hrGL3LbVuh7wT5PaDhZs4Yz4unZQSlPV12olmZWgNr/i27h5wlpg==",
      "dev": true,
      "optional": true
    },
    "@swc/core-win32-x64-msvc": {
      "version": "1.2.189",
      "resolved": "https://registry.npmjs.org/@swc/core-win32-x64-msvc/-/core-win32-x64-msvc-1.2.189.tgz",
      "integrity": "sha512-Nge8Z/ZkAp5p5No50yBDpBG7+ZYaVWGSuwtPj6OJe7orzvDCEm9GgcVE6J9GEjbclSWlCH8B8lUe17GaKRZHbg==",
      "dev": true,
      "optional": true
    },
    "@types/estree": {
      "version": "0.0.39",
      "resolved": "https://registry.npmjs.org/@types/estree/-/estree-0.0.39.tgz",
      "integrity": "sha512-EYNwp3bU+98cpU4lAWYYL7Zz+2gryWH1qbdDTidVd6hkiR6weksdbMadyXKXNPEkQFhXM+hVO9ZygomHXp+AIw==",
      "dev": true
    },
    "@types/node": {
      "version": "17.0.45",
      "resolved": "https://registry.npmjs.org/@types/node/-/node-17.0.45.tgz",
      "integrity": "sha512-w+tIMs3rq2afQdsPJlODhoUEKzFP1ayaoyl1CcnwtIlsVe7K7bA1NGm4s3PraqTLlXnbIN84zuBlxBWo1u9BLw==",
      "dev": true
    },
    "@types/prop-types": {
      "version": "15.7.5",
      "resolved": "https://registry.npmjs.org/@types/prop-types/-/prop-types-15.7.5.tgz",
      "integrity": "sha512-JCB8C6SnDoQf0cNycqd/35A7MjcnK+ZTqE7judS6o7utxUCg6imJg3QK2qzHKszlTjcj2cn+NwMB2i96ubpj7w==",
      "dev": true
    },
    "@types/react": {
      "version": "18.0.28",
      "resolved": "https://registry.npmjs.org/@types/react/-/react-18.0.28.tgz",
      "integrity": "sha512-RD0ivG1kEztNBdoAK7lekI9M+azSnitIn85h4iOiaLjaTrMjzslhaqCGaI4IyCJ1RljWiLCEu4jyrLLgqxBTew==",
      "dev": true,
      "requires": {
        "@types/prop-types": "*",
        "@types/scheduler": "*",
        "csstype": "^3.0.2"
      }
    },
    "@types/react-native": {
      "version": "0.67.19",
      "resolved": "https://registry.npmjs.org/@types/react-native/-/react-native-0.67.19.tgz",
      "integrity": "sha512-tk3D4HtJ4KBmnoOMiPWY5og0m34cwavCPSlV75hMqut2WgcDF9SXvkqZU0RP6qddHwvEstYIJSvSfLMPOak5vQ==",
      "dev": true,
      "requires": {
        "@types/react": "^17"
      },
      "dependencies": {
        "@types/react": {
          "version": "17.0.53",
          "resolved": "https://registry.npmjs.org/@types/react/-/react-17.0.53.tgz",
          "integrity": "sha512-1yIpQR2zdYu1Z/dc1OxC+MA6GR240u3gcnP4l6mvj/PJiVaqHsQPmWttsvHsfnhfPbU2FuGmo0wSITPygjBmsw==",
          "dev": true,
          "requires": {
            "@types/prop-types": "*",
            "@types/scheduler": "*",
            "csstype": "^3.0.2"
          }
        }
      }
    },
    "@types/scheduler": {
      "version": "0.16.2",
      "resolved": "https://registry.npmjs.org/@types/scheduler/-/scheduler-0.16.2.tgz",
      "integrity": "sha512-hppQEBDmlwhFAXKJX2KnWLYu5yMfi91yazPb2l+lbJiwW+wdo1gNeRA+3RgNSO39WYX2euey41KEwnqesU2Jew==",
      "dev": true
    },
    "aliucord": {
      "version": "0.1.0",
      "resolved": "https://registry.npmjs.org/aliucord/-/aliucord-0.1.0.tgz",
      "integrity": "sha512-HKeMjiKoKyLyJZJjYm2z2BliSdowGg7ngstcp62mIe86qyj4wfqSd0pr3vh3ouKn+Vj6AXSXFrOUE/AT5IbUXw==",
      "dev": true,
      "requires": {
        "react-devtools-core": "^4.24.4"
      }
    },
    "buffer-crc32": {
      "version": "0.2.13",
      "resolved": "https://registry.npmjs.org/buffer-crc32/-/buffer-crc32-0.2.13.tgz",
      "integrity": "sha512-VO9Ht/+p3SN7SKWqcrgEzjGbRSJYTx+Q1pTQC0wrWqHx0vpJraQ6GtHx8tvcg1rlK1byhU5gccxgOgj7B0TDkQ==",
      "dev": true
    },
    "csstype": {
      "version": "3.1.1",
      "resolved": "https://registry.npmjs.org/csstype/-/csstype-3.1.1.tgz",
      "integrity": "sha512-DJR/VvkAvSZW9bTouZue2sSxDwdTN92uHjqeKVm+0dAqdfNykRzQ95tay8aXMBAAPpUiq4Qcug2L7neoRh2Egw==",
      "dev": true
    },
    "discord-types": {
      "version": "1.3.3",
      "resolved": "https://registry.npmjs.org/discord-types/-/discord-types-1.3.3.tgz",
      "integrity": "sha512-6LGLIw8RBWKdio7FoIfwExSZQuej2XXDKgT7mfR3qMOpEspknVDFQJcfhPuiD1iy2NdcAygvvVfJMliYwiUwqw==",
      "dev": true,
      "requires": {
        "@types/react": "17.0.2",
        "moment": "^2.29.1"
      },
      "dependencies": {
        "@types/react": {
          "version": "17.0.2",
          "resolved": "https://registry.npmjs.org/@types/react/-/react-17.0.2.tgz",
          "integrity": "sha512-Xt40xQsrkdvjn1EyWe1Bc0dJLcil/9x2vAuW7ya+PuQip4UYUaXyhzWmAbwRsdMgwOFHpfp7/FFZebDU6Y8VHA==",
          "dev": true,
          "requires": {
            "@types/prop-types": "*",
            "csstype": "^3.0.2"
          }
        }
      }
    },
    "estree-walker": {
      "version": "2.0.2",
      "resolved": "https://registry.npmjs.org/estree-walker/-/estree-walker-2.0.2.tgz",
      "integrity": "sha512-Rfkk/Mp/DL7JVje3u18FxFujQlTNR2q6QfMSMB7AvCBx91NGj/ba3kCfza0f6dVDbw7YlRf/nDrn7pQrCCyQ/w==",
      "dev": true
    },
    "fsevents": {
      "version": "2.3.2",
      "resolved": "https://registry.npmjs.org/fsevents/-/fsevents-2.3.2.tgz",
      "integrity": "sha512-xiqMQR4xAeHTuB9uWm+fFRcIOgKBMiOBP+eXiyT7jsgVCq1bkVygt00oASowB7EdtpOHaaPgKt812P9ab+DDKA==",
      "dev": true,
      "optional": true
    },
    "function-bind": {
      "version": "1.1.1",
      "resolved": "https://registry.npmjs.org/function-bind/-/function-bind-1.1.1.tgz",
      "integrity": "sha512-yIovAzMX49sF8Yl58fSCWJ5svSLuaibPxXQJFLmBObTuCr0Mf1KiPopGM9NiFjiYBCbfaa2Fh6breQ6ANVTI0A==",
      "dev": true
    },
    "has": {
      "version": "1.0.3",
      "resolved": "https://registry.npmjs.org/has/-/has-1.0.3.tgz",
      "integrity": "sha512-f2dvO0VU6Oej7RkWJGrehjbzMAjFp5/VKPp5tTpWIV4JHHZK1/BxbFRtf/siA2SWTe09caDmVtYYzWEIbBS4zw==",
      "dev": true,
      "requires": {
        "function-bind": "^1.1.1"
      }
    },
    "hermes-engine": {
      "version": "0.11.0",
      "resolved": "https://registry.npmjs.org/hermes-engine/-/hermes-engine-0.11.0.tgz",
      "integrity": "sha512-7aMUlZja2IyLYAcZ69NBnwJAR5ZOYlSllj0oMpx08a8HzxHOys0eKCzfphrf6D0vX1JGO1QQvVsQKe6TkYherw==",
      "dev": true
    },
    "is-core-module": {
      "version": "2.11.0",
      "resolved": "https://registry.npmjs.org/is-core-module/-/is-core-module-2.11.0.tgz",
      "integrity": "sha512-RRjxlvLDkD1YJwDbroBHMb+cukurkDWNyHx7D3oNB5x9rb5ogcksMC5wHCadcXoo67gVr/+3GFySh3134zi6rw==",
      "dev": true,
      "requires": {
        "has": "^1.0.3"
      }
    },
    "moment": {
      "version": "2.29.4",
      "resolved": "https://registry.npmjs.org/moment/-/moment-2.29.4.tgz",
      "integrity": "sha512-5LC9SOxjSc2HF6vO2CyuTDNivEdoz2IvyJJGj6X8DJ0eFyfszE0QiEd+iXmBvUP3WHxSjFH/vIsA0EN00cgr8w==",
      "dev": true
    },
    "path-parse": {
      "version": "1.0.7",
      "resolved": "https://registry.npmjs.org/path-parse/-/path-parse-1.0.7.tgz",
      "integrity": "sha512-LDJzPVEEEPR+y48z93A0Ed0yXb8pAByGWo/k5YYdYgpY2/2EsOsksJrq7lOHxryrVOn1ejG6oAp8ahvOIQD8sw==",
      "dev": true
    },
    "picomatch": {
      "version": "2.3.1",
      "resolved": "https://registry.npmjs.org/picomatch/-/picomatch-2.3.1.tgz",
      "integrity": "sha512-JU3teHTNjmE2VCGFzuY8EXzCDVwEqB2a8fsIvwaStHhAWJEeVd1o1QD80CU6+ZdEXXSLbSsuLwJjkCBWqRQUVA==",
      "dev": true
    },
    "react-devtools-core": {
      "version": "4.27.2",
      "resolved": "https://registry.npmjs.org/react-devtools-core/-/react-devtools-core-4.27.2.tgz",
      "integrity": "sha512-8SzmIkpO87alD7Xr6gWIEa1jHkMjawOZ+6egjazlnjB4UUcbnzGDf/vBJ4BzGuWWEM+pzrxuzsPpcMqlQkYK2g==",
      "dev": true,
      "requires": {
        "shell-quote": "^1.6.1",
        "ws": "^7"
      }
    },
    "resolve": {
      "version": "1.22.1",
      "resolved": "https://registry.npmjs.org/resolve/-/resolve-1.22.1.tgz",
      "integrity": "sha512-nBpuuYuY5jFsli/JIs1oldw6fOQCBioohqWZg/2hiaOybXOft4lonv85uDOKXdf8rhyK159cxU5cDcK/NKk8zw==",
      "dev": true,
      "requires": {
        "is-core-module": "^2.9.0",
        "path-parse": "^1.0.7",
        "supports-preserve-symlinks-flag": "^1.0.0"
      }
    },
    "rollup": {
      "version": "2.79.1",
      "resolved": "https://registry.npmjs.org/rollup/-/rollup-2.79.1.tgz",
      "integrity": "sha512-uKxbd0IhMZOhjAiD5oAFp7BqvkA4Dv47qpOCtaNvng4HBwdbWtdOh8f5nZNuk2rp51PMGk3bzfWu5oayNEuYnw==",
      "dev": true,
      "requires": {
        "fsevents": "~2.3.2"
      }
    },
    "rollup-plugin-hermes": {
      "version": "1.0.4",
      "resolved": "https://registry.npmjs.org/rollup-plugin-hermes/-/rollup-plugin-hermes-1.0.4.tgz",
      "integrity": "sha512-9aPcPL1lRKi63n8oJoBGT89xpJ6wPQISYOuxqJjigbcuCyef//3RnWQq9tRATCrwu6MazqLywcCgkohCCWvtBw==",
      "dev": true,
      "requires": {}
    },
    "shell-quote": {
      "version": "1.8.0",
      "resolved": "https://registry.npmjs.org/shell-quote/-/shell-quote-1.8.0.tgz",
      "integrity": "sha512-QHsz8GgQIGKlRi24yFc6a6lN69Idnx634w49ay6+jA5yFh7a1UY+4Rp6HPx/L/1zcEDPEij8cIsiqR6bQsE5VQ==",
      "dev": true
    },
    "supports-preserve-symlinks-flag": {
      "version": "1.0.0",
      "resolved": "https://registry.npmjs.org/supports-preserve-symlinks-flag/-/supports-preserve-symlinks-flag-1.0.0.tgz",
      "integrity": "sha512-ot0WnXS9fgdkgIcePe6RHNk1WA8+muPa6cSjeR3V8K27q9BB1rTE3R1p7Hv0z1ZyAc8s6Vvv8DIyWf681MAt0w==",
      "dev": true
    },
    "tslib": {
      "version": "2.5.0",
      "resolved": "https://registry.npmjs.org/tslib/-/tslib-2.5.0.tgz",
      "integrity": "sha512-336iVw3rtn2BUK7ORdIAHTyxHGRIHVReokCR3XjbckJMK7ms8FysBfhLR8IXnAgy7T0PTPNBWKiH514FOW/WSg==",
      "dev": true
    },
    "typescript": {
      "version": "4.9.5",
      "resolved": "https://registry.npmjs.org/typescript/-/typescript-4.9.5.tgz",
      "integrity": "sha512-1FXk9E2Hm+QzZQ7z+McJiHL4NW1F2EzMu9Nq9i3zAaGqibafqYwCVU6WyWAuyQRRzOlxou8xZSyXLEN8oKj24g==",
      "dev": true
    },
    "ws": {
      "version": "7.5.9",
      "resolved": "https://registry.npmjs.org/ws/-/ws-7.5.9.tgz",
      "integrity": "sha512-F+P9Jil7UiSKSkppIiD94dN07AwvFixvLIj1Og1Rl9GGMuNipJnV9JzjD6XuqmAeiswGvUmNLjr5cFuXwNS77Q==",
      "dev": true,
      "requires": {}
    },
    "yazl": {
      "version": "2.5.1",
      "resolved": "https://registry.npmjs.org/yazl/-/yazl-2.5.1.tgz",
      "integrity": "sha512-phENi2PLiHnHb6QBVot+dJnaAZ0xosj7p3fWl+znIjBDlnMI2PsZCJZ306BPTFOaHf5qdDEI8x5qFrSOBN5vrw==",
      "dev": true,
      "requires": {
        "buffer-crc32": "~0.2.3"
      }
    }
  }
}
